
Microsoft Visual Studio Solution File, Format Version 12.00
# Visual Studio Version 16
VisualStudioVersion = 16.0.31729.503
MinimumVisualStudioVersion = 10.0.40219.1
Project("{FAE04EC0-301F-11D3-BF4B-00C04F79EFBC}") = "RecapProject1", "RecapProject1\RecapProject1.csproj", "{ABC5EE8A-9853-4621-82AD-C614E61C511D}"
EndProject
Global
	GlobalSection(SolutionConfigurationPlatforms) = preSolution
		Debug|Any CPU = Debug|Any CPU
		Release|Any CPU = Release|Any CPU
	EndGlobalSection
	GlobalSection(ProjectConfigurationPlatforms) = postSolution
		{ABC5EE8A-9853-4621-82AD-C614E61C511D}.Debug|Any CPU.ActiveCfg = Debug|Any CPU
		{ABC5EE8A-9853-4621-82AD-C614E61C511D}.Debug|Any CPU.Build.0 = Debug|Any CPU
		{ABC5EE8A-9853-4621-82AD-C614E61C511D}.Release|Any CPU.ActiveCfg = Release|Any CPU
		{ABC5EE8A-9853-4621-82AD-C614E61C511D}.Release|Any CPU.Build.0 = Release|Any CPU
	EndGlobalSection
	GlobalSection(SolutionProperties) = preSolution
		HideSolutionNode = FALSE
	EndGlobalSection
	GlobalSection(ExtensibilityGlobals) = postSolution
		SolutionGuid = {8E78D58E-7A00-4122-A41A-9070EE76B0DA}
	EndGlobalSection
EndGlobal
